<?xml version="1.0" encoding="utf-8"?>
<Project ToolsVersion="4.0" xmlns="http://schemas.microsoft.com/developer/msbuild/2003">
  <ItemGroup>
    <Filter Include="Source Files">
      <UniqueIdentifier>{4FC737F1-C7A5-4376-A066-2A32D752A2FF}</UniqueIdentifier>
      <Extensions>cpp;c;cc;cxx;def;odl;idl;hpj;bat;asm;asmx</Extensions>
    </Filter>
    <Filter Include="Header Files">
      <UniqueIdentifier>{93995380-89BD-4b04-88EB-625FBE52EBFB}</UniqueIdentifier>
      <Extensions>h;hh;hpp;hxx;hm;inl;inc;xsd</Extensions>
    </Filter>
    <Filter Include="Resource Files">
      <UniqueIdentifier>{D9D6E242-F8AF-46E4-B9FD-80ECBC20BA3E}</UniqueIdentifier>
      <Extensions>qrc;*</Extensions>
      <ParseFiles>false</ParseFiles>
    </Filter>
    <Filter Include="Form Files">
      <UniqueIdentifier>{99349809-55BA-4b9d-BF79-8FDBB0286EB3}</UniqueIdentifier>
      <Extensions>ui</Extensions>
    </Filter>
    <Filter Include="Resource Files">
      <UniqueIdentifier>{D9D6E242-F8AF-46E4-B9FD-80ECBC20BA3E}</UniqueIdentifier>
      <Extensions>qrc;*</Extensions>
      <ParseFiles>false</ParseFiles>
    </Filter>
    <Filter Include="Generated Files">
      <UniqueIdentifier>{71ED8ED8-ACB9-4CE9-BBE1-E00B30144E11}</UniqueIdentifier>
      <Extensions>moc;h;cpp</Extensions>
      <SourceControlFiles>False</SourceControlFiles>
    </Filter>
    <Filter Include="JSChannel">
      <UniqueIdentifier>{048840b9-f259-4421-9b1d-80e2b6c2aa68}</UniqueIdentifier>
    </Filter>
    <Filter Include="bridge">
      <UniqueIdentifier>{af715c7a-5006-4a2d-a637-1bc82b7b1d48}</UniqueIdentifier>
    </Filter>
    <Filter Include="bridge\impl">
      <UniqueIdentifier>{82ea9554-d5d3-4ae8-96d5-2321874449bd}</UniqueIdentifier>
    </Filter>
    <Filter Include="json">
      <UniqueIdentifier>{e34618ca-8db8-4130-83ee-54f155a619b8}</UniqueIdentifier>
    </Filter>
    <Filter Include="json\impl">
      <UniqueIdentifier>{eb1998f3-b92c-438b-a67e-ffb4b8725041}</UniqueIdentifier>
    </Filter>
    <Filter Include="utilities">
      <UniqueIdentifier>{1f8334bb-a801-4969-bac2-c5e14535eaea}</UniqueIdentifier>
    </Filter>
  </ItemGroup>
  <ItemGroup>
    <ClCompile Include="main.cpp">
      <Filter>Source Files</Filter>
    </ClCompile>
    <ClCompile Include="MainFrame.cpp">
      <Filter>Source Files</Filter>
    </ClCompile>
    <ClCompile Include="JSChannel\JSChannel.cpp">
      <Filter>JSChannel</Filter>
    </ClCompile>
    <ClCompile Include="..\JSBridge\bridge\register.cpp">
      <Filter>bridge</Filter>
    </ClCompile>
    <ClCompile Include="..\JSBridge\bridge\impl\register_p.cpp">
      <Filter>bridge\impl</Filter>
    </ClCompile>
    <ClCompile Include="..\JSBridge\json\JsonObject.cpp">
      <Filter>json</Filter>
    </ClCompile>
    <ClCompile Include="..\JSBridge\json\impl\cJSON.c">
      <Filter>json\impl</Filter>
    </ClCompile>
    <ClCompile Include="..\JSBridge\utilities\string_util.cpp">
      <Filter>utilities</Filter>
    </ClCompile>
  </ItemGroup>
  <ItemGroup>
    <QtMoc Include="MainFrame.h">
      <Filter>Header Files</Filter>
    </QtMoc>
    <QtMoc Include="JSChannel\JSChannel.h">
      <Filter>JSChannel</Filter>
    </QtMoc>
  </ItemGroup>
  <ItemGroup>
    <QtUic Include="MainFrame.ui">
      <Filter>Form Files</Filter>
    </QtUic>
  </ItemGroup>
  <ItemGroup>
    <QtRcc Include="MainFrame.qrc">
      <Filter>Resource Files</Filter>
    </QtRcc>
  </ItemGroup>
  <ItemGroup>
    <ClInclude Include="..\JSBridge\bridge\register.h">
      <Filter>bridge</Filter>
    </ClInclude>
    <ClInclude Include="..\JSBridge\bridge\impl\register_p.h">
      <Filter>bridge\impl</Filter>
    </ClInclude>
    <ClInclude Include="..\JSBridge\json\JsonObject.h">
      <Filter>json</Filter>
    </ClInclude>
    <ClInclude Include="..\JSBridge\json\impl\cJSON.h">
      <Filter>json\impl</Filter>
    </ClInclude>
    <ClInclude Include="..\JSBridge\utilities\string_util.h">
      <Filter>utilities</Filter>
    </ClInclude>
  </ItemGroup>
</Project>